// !$*UTF8*$!
{
	archiveVersion = 1;
	classes = {
	};
	objectVersion = 46;
	objects = {

/* Begin PBXBuildFile section */
		8D4D7DFD1D17E7E800366346 /* AppDelegate.swift in Sources */ = {isa = PBXBuildFile; fileRef = 8D4D7DFC1D17E7E800366346 /* AppDelegate.swift */; };
		8D4D7E041D17E7E800366346 /* Assets.xcassets in Resources */ = {isa = PBXBuildFile; fileRef = 8D4D7E031D17E7E800366346 /* Assets.xcassets */; };
		8D4D7E071D17E7E800366346 /* LaunchScreen.storyboard in Resources */ = {isa = PBXBuildFile; fileRef = 8D4D7E051D17E7E800366346 /* LaunchScreen.storyboard */; };
		8D4D7E101D17E89E00366346 /* LandingViewController.swift in Sources */ = {isa = PBXBuildFile; fileRef = 8D4D7E0E1D17E89E00366346 /* LandingViewController.swift */; };
		8D4D7E111D17E89E00366346 /* LandingViewController.xib in Resources */ = {isa = PBXBuildFile; fileRef = 8D4D7E0F1D17E89E00366346 /* LandingViewController.xib */; };
		8D4D7E151D17F5AC00366346 /* TrackerViewController.swift in Sources */ = {isa = PBXBuildFile; fileRef = 8D4D7E131D17F5AC00366346 /* TrackerViewController.swift */; };
		8D4D7E161D17F5AC00366346 /* TrackerViewController.xib in Resources */ = {isa = PBXBuildFile; fileRef = 8D4D7E141D17F5AC00366346 /* TrackerViewController.xib */; };
		8D4D7E371D184AF700366346 /* TrackerTableViewCell.swift in Sources */ = {isa = PBXBuildFile; fileRef = 8D4D7E351D184AF700366346 /* TrackerTableViewCell.swift */; };
		8D4D7E381D184AF700366346 /* TrackerTableViewCell.xib in Resources */ = {isa = PBXBuildFile; fileRef = 8D4D7E361D184AF700366346 /* TrackerTableViewCell.xib */; };
		8D4D7E3B1D18835400366346 /* TrackerDateViewController.swift in Sources */ = {isa = PBXBuildFile; fileRef = 8D4D7E391D18835400366346 /* TrackerDateViewController.swift */; };
		8D4D7E3C1D18835400366346 /* TrackerDateViewController.xib in Resources */ = {isa = PBXBuildFile; fileRef = 8D4D7E3A1D18835400366346 /* TrackerDateViewController.xib */; };
/* End PBXBuildFile section */

/* Begin PBXFileReference section */
		8D4D7DF91D17E7E800366346 /* WorkoutBuddy.app */ = {isa = PBXFileReference; explicitFileType = wrapper.application; includeInIndex = 0; path = WorkoutBuddy.app; sourceTree = BUILT_PRODUCTS_DIR; };
		8D4D7DFC1D17E7E800366346 /* AppDelegate.swift */ = {isa = PBXFileReference; lastKnownFileType = sourcecode.swift; path = AppDelegate.swift; sourceTree = "<group>"; };
		8D4D7E031D17E7E800366346 /* Assets.xcassets */ = {isa = PBXFileReference; lastKnownFileType = folder.assetcatalog; path = Assets.xcassets; sourceTree = "<group>"; };
		8D4D7E061D17E7E800366346 /* Base */ = {isa = PBXFileReference; lastKnownFileType = file.storyboard; name = Base; path = Base.lproj/LaunchScreen.storyboard; sourceTree = "<group>"; };
		8D4D7E081D17E7E800366346 /* Info.plist */ = {isa = PBXFileReference; lastKnownFileType = text.plist.xml; path = Info.plist; sourceTree = "<group>"; };
		8D4D7E0E1D17E89E00366346 /* LandingViewController.swift */ = {isa = PBXFileReference; fileEncoding = 4; lastKnownFileType = sourcecode.swift; path = LandingViewController.swift; sourceTree = "<group>"; };
		8D4D7E0F1D17E89E00366346 /* LandingViewController.xib */ = {isa = PBXFileReference; fileEncoding = 4; lastKnownFileType = file.xib; path = LandingViewController.xib; sourceTree = "<group>"; };
		8D4D7E131D17F5AC00366346 /* TrackerViewController.swift */ = {isa = PBXFileReference; fileEncoding = 4; lastKnownFileType = sourcecode.swift; path = TrackerViewController.swift; sourceTree = "<group>"; };
		8D4D7E141D17F5AC00366346 /* TrackerViewController.xib */ = {isa = PBXFileReference; fileEncoding = 4; lastKnownFileType = file.xib; path = TrackerViewController.xib; sourceTree = "<group>"; };
		8D4D7E351D184AF700366346 /* TrackerTableViewCell.swift */ = {isa = PBXFileReference; fileEncoding = 4; lastKnownFileType = sourcecode.swift; path = TrackerTableViewCell.swift; sourceTree = "<group>"; };
		8D4D7E361D184AF700366346 /* TrackerTableViewCell.xib */ = {isa = PBXFileReference; fileEncoding = 4; lastKnownFileType = file.xib; path = TrackerTableViewCell.xib; sourceTree = "<group>"; };
		8D4D7E391D18835400366346 /* TrackerDateViewController.swift */ = {isa = PBXFileReference; fileEncoding = 4; lastKnownFileType = sourcecode.swift; path = TrackerDateViewController.swift; sourceTree = "<group>"; };
		8D4D7E3A1D18835400366346 /* TrackerDateViewController.xib */ = {isa = PBXFileReference; fileEncoding = 4; lastKnownFileType = file.xib; path = TrackerDateViewController.xib; sourceTree = "<group>"; };
/* End PBXFileReference section */

/* Begin PBXFrameworksBuildPhase section */
		8D4D7DF61D17E7E800366346 /* Frameworks */ = {
			isa = PBXFrameworksBuildPhase;
			buildActionMask = 2147483647;
			files = (
			);
			runOnlyForDeploymentPostprocessing = 0;
		};
/* End PBXFrameworksBuildPhase section */

/* Begin PBXGroup section */
		8D4D7DF01D17E7E800366346 = {
			isa = PBXGroup;
			children = (
				8D4D7DFB1D17E7E800366346 /* WorkoutBuddy */,
				8D4D7DFA1D17E7E800366346 /* Products */,
			);
			sourceTree = "<group>";
		};
		8D4D7DFA1D17E7E800366346 /* Products */ = {
			isa = PBXGroup;
			children = (
				8D4D7DF91D17E7E800366346 /* WorkoutBuddy.app */,
			);
			name = Products;
			sourceTree = "<group>";
		};
		8D4D7DFB1D17E7E800366346 /* WorkoutBuddy */ = {
			isa = PBXGroup;
			children = (
				8D4D7DFC1D17E7E800366346 /* AppDelegate.swift */,
				8D4D7E031D17E7E800366346 /* Assets.xcassets */,
				8D4D7E051D17E7E800366346 /* LaunchScreen.storyboard */,
				8D4D7E081D17E7E800366346 /* Info.plist */,
				8D4D7E0E1D17E89E00366346 /* LandingViewController.swift */,
				8D4D7E0F1D17E89E00366346 /* LandingViewController.xib */,
				8D4D7E121D17F58B00366346 /* Tracker */,
			);
			path = WorkoutBuddy;
			sourceTree = "<group>";
		};
		8D4D7E121D17F58B00366346 /* Tracker */ = {
			isa = PBXGroup;
			children = (
				8D4D7E391D18835400366346 /* TrackerDateViewController.swift */,
				8D4D7E3A1D18835400366346 /* TrackerDateViewController.xib */,
				8D4D7E131D17F5AC00366346 /* TrackerViewController.swift */,
				8D4D7E141D17F5AC00366346 /* TrackerViewController.xib */,
				8D4D7E351D184AF700366346 /* TrackerTableViewCell.swift */,
				8D4D7E361D184AF700366346 /* TrackerTableViewCell.xib */,
			);
			name = Tracker;
			path = ..;
			sourceTree = "<group>";
		};
/* End PBXGroup section */

/* Begin PBXNativeTarget section */
		8D4D7DF81D17E7E800366346 /* WorkoutBuddy */ = {
			isa = PBXNativeTarget;
			buildConfigurationList = 8D4D7E0B1D17E7E800366346 /* Build configuration list for PBXNativeTarget "WorkoutBuddy" */;
			buildPhases = (
				8D4D7DF51D17E7E800366346 /* Sources */,
				8D4D7DF61D17E7E800366346 /* Frameworks */,
				8D4D7DF71D17E7E800366346 /* Resources */,
			);
			buildRules = (
			);
			dependencies = (
			);
			name = WorkoutBuddy;
			productName = WorkoutBuddy;
			productReference = 8D4D7DF91D17E7E800366346 /* WorkoutBuddy.app */;
			productType = "com.apple.product-type.application";
		};
/* End PBXNativeTarget section */

/* Begin PBXProject section */
		8D4D7DF11D17E7E800366346 /* Project object */ = {
			isa = PBXProject;
			attributes = {
				LastSwiftUpdateCheck = 0730;
				LastUpgradeCheck = 0730;
				ORGANIZATIONNAME = "Erik Roberts";
				TargetAttributes = {
					8D4D7DF81D17E7E800366346 = {
						CreatedOnToolsVersion = 7.3.1;
						DevelopmentTeam = 8S7AK9XS37;
					};
				};
			};
			buildConfigurationList = 8D4D7DF41D17E7E800366346 /* Build configuration list for PBXProject "WorkoutBuddy" */;
			compatibilityVersion = "Xcode 3.2";
			developmentRegion = English;
			hasScannedForEncodings = 0;
			knownRegions = (
				en,
				Base,
			);
			mainGroup = 8D4D7DF01D17E7E800366346;
			productRefGroup = 8D4D7DFA1D17E7E800366346 /* Products */;
			projectDirPath = "";
			projectRoot = "";
			targets = (
				8D4D7DF81D17E7E800366346 /* WorkoutBuddy */,
			);
		};
/* End PBXProject section */

/* Begin PBXResourcesBuildPhase section */
		8D4D7DF71D17E7E800366346 /* Resources */ = {
			isa = PBXResourcesBuildPhase;
			buildActionMask = 2147483647;
			files = (
				8D4D7E111D17E89E00366346 /* LandingViewController.xib in Resources */,
				8D4D7E161D17F5AC00366346 /* TrackerViewController.xib in Resources */,
				8D4D7E071D17E7E800366346 /* LaunchScreen.storyboard in Resources */,
				8D4D7E3C1D18835400366346 /* TrackerDateViewController.xib in Resources */,
				8D4D7E041D17E7E800366346 /* Assets.xcassets in Resources */,
				8D4D7E381D184AF700366346 /* TrackerTableViewCell.xib in Resources */,
			);
			runOnlyForDeploymentPostprocessing = 0;
		};
/* End PBXResourcesBuildPhase section */

/* Begin PBXSourcesBuildPhase section */
		8D4D7DF51D17E7E800366346 /* Sources */ = {
			isa = PBXSourcesBuildPhase;
			buildActionMask = 2147483647;
			files = (
				8D4D7E371D184AF700366346 /* TrackerTableViewCell.swift in Sources */,
				8D4D7E151D17F5AC00366346 /* TrackerViewController.swift in Sources */,
				8D4D7E101D17E89E00366346 /* LandingViewController.swift in Sources */,
				8D4D7E3B1D18835400366346 /* TrackerDateViewController.swift in Sources */,
				8D4D7DFD1D17E7E800366346 /* AppDelegate.swift in Sources */,
			);
			runOnlyForDeploymentPostprocessing = 0;
		};
/* End PBXSourcesBuildPhase section */

/* Begin PBXVariantGroup section */
		8D4D7E051D17E7E800366346 /* LaunchScreen.storyboard */ = {
			isa = PBXVariantGroup;
			children = (
				8D4D7E061D17E7E800366346 /* Base */,
			);
			name = LaunchScreen.storyboard;
			sourceTree = "<group>";
		};
/* End PBXVariantGroup section */

/* Begin XCBuildConfiguration section */
		8D4D7E091D17E7E800366346 /* Debug */ = {
			isa = XCBuildConfiguration;
			buildSettings = {
				ALWAYS_SEARCH_USER_PATHS = NO;
				CLANG_ANALYZER_NONNULL = YES;
				CLANG_CXX_LANGUAGE_STANDARD = "gnu++0x";
				CLANG_CXX_LIBRARY = "libc++";
				CLANG_ENABLE_MODULES = YES;
				CLANG_ENABLE_OBJC_ARC = YES;
				CLANG_WARN_BOOL_CONVERSION = YES;
				CLANG_WARN_CONSTANT_CONVERSION = YES;
				CLANG_WARN_DIRECT_OBJC_ISA_USAGE = YES_ERROR;
				CLANG_WARN_EMPTY_BODY = YES;
				CLANG_WARN_ENUM_CONVERSION = YES;
				CLANG_WARN_INT_CONVERSION = YES;
				CLANG_WARN_OBJC_ROOT_CLASS = YES_ERROR;
				CLANG_WARN_UNREACHABLE_CODE = YES;
				CLANG_WARN__DUPLICATE_METHOD_MATCH = YES;
				"CODE_SIGN_IDENTITY[sdk=iphoneos*]" = "iPhone Developer";
				COPY_PHASE_STRIP = NO;
				DEBUG_INFORMATION_FORMAT = dwarf;
				ENABLE_STRICT_OBJC_MSGSEND = YES;
				ENABLE_TESTABILITY = YES;
				GCC_C_LANGUAGE_STANDARD = gnu99;
				GCC_DYNAMIC_NO_PIC = NO;
				GCC_NO_COMMON_BLOCKS = YES;
				GCC_OPTIMIZATION_LEVEL = 0;
				GCC_PREPROCESSOR_DEFINITIONS = (
					"DEBUG=1",
					"$(inherited)",
				);
				GCC_WARN_64_TO_32_BIT_CONVERSION = YES;
				GCC_WARN_ABOUT_RETURN_TYPE = YES_ERROR;
				GCC_WARN_UNDECLARED_SELECTOR = YES;
				GCC_WARN_UNINITIALIZED_AUTOS = YES_AGGRESSIVE;
				GCC_WARN_UNUSED_FUNCTION = YES;
				GCC_WARN_UNUSED_VARIABLE = YES;
				IPHONEOS_DEPLOYMENT_TARGET = 9.3;
				MTL_ENABLE_DEBUG_INFO = YES;
				ONLY_ACTIVE_ARCH = YES;
				SDKROOT = iphoneos;
				SWIFT_OPTIMIZATION_LEVEL = "-Onone";
			};
			name = Debug;
		};
		8D4D7E0A1D17E7E800366346 /* Release */ = {
			isa = XCBuildConfiguration;
			buildSettings = {
				ALWAYS_SEARCH_USER_PATHS = NO;
				CLANG_ANALYZER_NONNULL = YES;
				CLANG_CXX_LANGUAGE_STANDARD = "gnu++0x";
				CLANG_CXX_LIBRARY = "libc++";
				CLANG_ENABLE_MODULES = YES;
				CLANG_ENABLE_OBJC_ARC = YES;
				CLANG_WARN_BOOL_CONVERSION = YES;
				CLANG_WARN_CONSTANT_CONVERSION = YES;
				CLANG_WARN_DIRECT_OBJC_ISA_USAGE = YES_ERROR;
				CLANG_WARN_EMPTY_BODY = YES;
				CLANG_WARN_ENUM_CONVERSION = YES;
				CLANG_WARN_INT_CONVERSION = YES;
				CLANG_WARN_OBJC_ROOT_CLASS = YES_ERROR;
				CLANG_WARN_UNREACHABLE_CODE = YES;
				CLANG_WARN__DUPLICATE_METHOD_MATCH = YES;
				"CODE_SIGN_IDENTITY[sdk=iphoneos*]" = "iPhone Developer";
				COPY_PHASE_STRIP = NO;
				DEBUG_INFORMATION_FORMAT = "dwarf-with-dsym";
				ENABLE_NS_ASSERTIONS = NO;
				ENABLE_STRICT_OBJC_MSGSEND = YES;
				GCC_C_LANGUAGE_STANDARD = gnu99;
				GCC_NO_COMMON_BLOCKS = YES;
				GCC_WARN_64_TO_32_BIT_CONVERSION = YES;
				GCC_WARN_ABOUT_RETURN_TYPE = YES_ERROR;
				GCC_WARN_UNDECLARED_SELECTOR = YES;
				GCC_WARN_UNINITIALIZED_AUTOS = YES_AGGRESSIVE;
				GCC_WARN_UNUSED_FUNCTION = YES;
				GCC_WARN_UNUSED_VARIABLE = YES;
				IPHONEOS_DEPLOYMENT_TARGET = 9.3;
				MTL_ENABLE_DEBUG_INFO = NO;
				SDKROOT = iphoneos;
				VALIDATE_PRODUCT = YES;
			};
			name = Release;
		};
		8D4D7E0C1D17E7E800366346 /* Debug */ = {
			isa = XCBuildConfiguration;
			buildSettings = {
				ASSETCATALOG_COMPILER_APPICON_NAME = AppIcon;
				CODE_SIGN_IDENTITY = "iPhone Developer";
				"CODE_SIGN_IDENTITY[sdk=iphoneos*]" = "iPhone Developer";
				INFOPLIST_FILE = WorkoutBuddy/Info.plist;
				LD_RUNPATH_SEARCH_PATHS = "$(inherited) @executable_path/Frameworks";
				PRODUCT_BUNDLE_IDENTIFIER = com.iXPractice.WorkoutBuddy;
				PRODUCT_NAME = "$(TARGET_NAME)";
				PROVISIONING_PROFILE = "";
			};
			name = Debug;
		};
		8D4D7E0D1D17E7E800366346 /* Release */ = {
			isa = XCBuildConfiguration;
			buildSettings = {
				ASSETCATALOG_COMPILER_APPICON_NAME = AppIcon;
				CODE_SIGN_IDENTITY = "iPhone Developer";
				"CODE_SIGN_IDENTITY[sdk=iphoneos*]" = "iPhone Developer";
				INFOPLIST_FILE = WorkoutBuddy/Info.plist;
				LD_RUNPATH_SEARCH_PATHS = "$(inherited) @executable_path/Frameworks";
				PRODUCT_BUNDLE_IDENTIFIER = com.iXPractice.WorkoutBuddy;
				PRODUCT_NAME = "$(TARGET_NAME)";
				PROVISIONING_PROFILE = "";
			};
			name = Release;
		};
/* End XCBuildConfiguration section */

/* Begin XCConfigurationList section */
		8D4D7DF41D17E7E800366346 /* Build configuration list for PBXProject "WorkoutBuddy" */ = {
			isa = XCConfigurationList;
			buildConfigurations = (
				8D4D7E091D17E7E800366346 /* Debug */,
				8D4D7E0A1D17E7E800366346 /* Release */,
			);
			defaultConfigurationIsVisible = 0;
			defaultConfigurationName = Release;
		};
		8D4D7E0B1D17E7E800366346 /* Build configuration list for PBXNativeTarget "WorkoutBuddy" */ = {
			isa = XCConfigurationList;
			buildConfigurations = (
				8D4D7E0C1D17E7E800366346 /* Debug */,
				8D4D7E0D1D17E7E800366346 /* Release */,
			);
			defaultConfigurationIsVisible = 0;
			defaultConfigurationName = Release;
		};
/* End XCConfigurationList section */
	};
	rootObject = 8D4D7DF11D17E7E800366346 /* Project object */;
}
